{
  "name": "my_career_report",
  "lockfileVersion": 3,
  "requires": true,
  "packages": {
    "": {
      "dependencies": {
        "my_career_report": "file:.."
      }
    },
    "..": {
      "dependencies": {
        "chart.js": "^4.4.1",
        "chartjs-node-canvas": "^5.0.0"
      }
    },
    "node_modules/my_career_report": {
      "resolved": "..",
      "link": true
    }
  }
}
